
Microsoft Visual Studio Solution File, Format Version 12.00
# Visual Studio Version 17
VisualStudioVersion = 17.9.34723.18
MinimumVisualStudioVersion = 10.0.40219.1
Project("{8BC9CEB8-8B4A-11D0-8D11-00A0C91BC942}") = "test2", "test2\test2.vcxproj", "{5C1710C1-A2CC-4D4E-BBD0-2C602DE2F2F5}"
EndProject
Project("{8BC9CEB8-8B4A-11D0-8D11-00A0C91BC942}") = "Sample-Test2", "Sample-Test2\Sample-Test2.vcxproj", "{DAFA34B5-171D-493B-88AE-7B526BFDC3A4}"
EndProject
Project("{2150E333-8FDC-42A3-9474-1A3956D46DE8}") = "솔루션 항목", "솔루션 항목", "{9C919904-12C0-4B93-BAD1-939F3CA38859}"
	ProjectSection(SolutionItems) = preProject
		.gitignore = .gitignore
		README.md = README.md
	EndProjectSection
EndProject
Global
	GlobalSection(SolutionConfigurationPlatforms) = preSolution
		Debug|x64 = Debug|x64
		Debug|x86 = Debug|x86
		Release|x64 = Release|x64
		Release|x86 = Release|x86
	EndGlobalSection
	GlobalSection(ProjectConfigurationPlatforms) = postSolution
		{5C1710C1-A2CC-4D4E-BBD0-2C602DE2F2F5}.Debug|x64.ActiveCfg = Debug|x64
		{5C1710C1-A2CC-4D4E-BBD0-2C602DE2F2F5}.Debug|x64.Build.0 = Debug|x64
		{5C1710C1-A2CC-4D4E-BBD0-2C602DE2F2F5}.Debug|x86.ActiveCfg = Debug|Win32
		{5C1710C1-A2CC-4D4E-BBD0-2C602DE2F2F5}.Debug|x86.Build.0 = Debug|Win32
		{5C1710C1-A2CC-4D4E-BBD0-2C602DE2F2F5}.Release|x64.ActiveCfg = Release|x64
		{5C1710C1-A2CC-4D4E-BBD0-2C602DE2F2F5}.Release|x64.Build.0 = Release|x64
		{5C1710C1-A2CC-4D4E-BBD0-2C602DE2F2F5}.Release|x86.ActiveCfg = Release|Win32
		{5C1710C1-A2CC-4D4E-BBD0-2C602DE2F2F5}.Release|x86.Build.0 = Release|Win32
		{DAFA34B5-171D-493B-88AE-7B526BFDC3A4}.Debug|x64.ActiveCfg = Debug|x64
		{DAFA34B5-171D-493B-88AE-7B526BFDC3A4}.Debug|x64.Build.0 = Debug|x64
		{DAFA34B5-171D-493B-88AE-7B526BFDC3A4}.Debug|x86.ActiveCfg = Debug|Win32
		{DAFA34B5-171D-493B-88AE-7B526BFDC3A4}.Debug|x86.Build.0 = Debug|Win32
		{DAFA34B5-171D-493B-88AE-7B526BFDC3A4}.Release|x64.ActiveCfg = Release|x64
		{DAFA34B5-171D-493B-88AE-7B526BFDC3A4}.Release|x64.Build.0 = Release|x64
		{DAFA34B5-171D-493B-88AE-7B526BFDC3A4}.Release|x86.ActiveCfg = Release|Win32
		{DAFA34B5-171D-493B-88AE-7B526BFDC3A4}.Release|x86.Build.0 = Release|Win32
	EndGlobalSection
	GlobalSection(SolutionProperties) = preSolution
		HideSolutionNode = FALSE
	EndGlobalSection
	GlobalSection(ExtensibilityGlobals) = postSolution
		SolutionGuid = {8A7DB8E2-0B13-4E26-9D8B-4B01DBF23FC2}
	EndGlobalSection
EndGlobal
